
Microsoft Visual Studio Solution File, Format Version 11.00
# Visual C++ Express 2010
Project("{8BC9CEB8-8B4A-11D0-8D11-00A0C91BC942}") = "ZGB-template", "ZGB-template.vcxproj", "{8D0F6F5E-016B-4FA8-B1C0-FA65BF6791B0}"
EndProject
Global
	GlobalSection(SolutionConfigurationPlatforms) = preSolution
		Debug|Win32 = Debug|Win32
		DebugColor|Win32 = DebugColor|Win32
		Release|Win32 = Release|Win32
		ReleaseColor|Win32 = ReleaseColor|Win32
	EndGlobalSection
	GlobalSection(ProjectConfigurationPlatforms) = postSolution
		{8D0F6F5E-016B-4FA8-B1C0-FA65BF6791B0}.Debug|Win32.ActiveCfg = Debug|Win32
		{8D0F6F5E-016B-4FA8-B1C0-FA65BF6791B0}.Debug|Win32.Build.0 = Debug|Win32
		{8D0F6F5E-016B-4FA8-B1C0-FA65BF6791B0}.DebugColor|Win32.ActiveCfg = DebugColor|Win32
		{8D0F6F5E-016B-4FA8-B1C0-FA65BF6791B0}.DebugColor|Win32.Build.0 = DebugColor|Win32
		{8D0F6F5E-016B-4FA8-B1C0-FA65BF6791B0}.Release|Win32.ActiveCfg = Release|Win32
		{8D0F6F5E-016B-4FA8-B1C0-FA65BF6791B0}.Release|Win32.Build.0 = Release|Win32
		{8D0F6F5E-016B-4FA8-B1C0-FA65BF6791B0}.ReleaseColor|Win32.ActiveCfg = ReleaseColor|Win32
		{8D0F6F5E-016B-4FA8-B1C0-FA65BF6791B0}.ReleaseColor|Win32.Build.0 = ReleaseColor|Win32
	EndGlobalSection
	GlobalSection(SolutionProperties) = preSolution
		HideSolutionNode = FALSE
	EndGlobalSection
EndGlobal
